
Microsoft Visual Studio Solution File, Format Version 12.00
# Visual Studio Version 17
VisualStudioVersion = 17.10.34916.146
MinimumVisualStudioVersion = 10.0.40219.1
Project("{FAE04EC0-301F-11D3-BF4B-00C04F79EFBC}") = "MyPortfolio2024.Server", "MyPortfolio2024.Server\MyPortfolio2024.Server.csproj", "{EC38D5D2-074B-472C-8159-CAF42A80C07A}"
EndProject
Project("{54A90642-561A-4BB1-A94E-469ADEE60C69}") = "myportfolio2024.client", "myportfolio2024.client\myportfolio2024.client.esproj", "{80F81763-ED24-4FBC-999D-7CBC4959422A}"
EndProject
Global
	GlobalSection(SolutionConfigurationPlatforms) = preSolution
		Debug|Any CPU = Debug|Any CPU
		Release|Any CPU = Release|Any CPU
	EndGlobalSection
	GlobalSection(ProjectConfigurationPlatforms) = postSolution
		{EC38D5D2-074B-472C-8159-CAF42A80C07A}.Debug|Any CPU.ActiveCfg = Debug|Any CPU
		{EC38D5D2-074B-472C-8159-CAF42A80C07A}.Debug|Any CPU.Build.0 = Debug|Any CPU
		{EC38D5D2-074B-472C-8159-CAF42A80C07A}.Release|Any CPU.ActiveCfg = Release|Any CPU
		{EC38D5D2-074B-472C-8159-CAF42A80C07A}.Release|Any CPU.Build.0 = Release|Any CPU
		{80F81763-ED24-4FBC-999D-7CBC4959422A}.Debug|Any CPU.ActiveCfg = Debug|Any CPU
		{80F81763-ED24-4FBC-999D-7CBC4959422A}.Debug|Any CPU.Build.0 = Debug|Any CPU
		{80F81763-ED24-4FBC-999D-7CBC4959422A}.Debug|Any CPU.Deploy.0 = Debug|Any CPU
		{80F81763-ED24-4FBC-999D-7CBC4959422A}.Release|Any CPU.ActiveCfg = Release|Any CPU
		{80F81763-ED24-4FBC-999D-7CBC4959422A}.Release|Any CPU.Build.0 = Release|Any CPU
		{80F81763-ED24-4FBC-999D-7CBC4959422A}.Release|Any CPU.Deploy.0 = Release|Any CPU
	EndGlobalSection
	GlobalSection(SolutionProperties) = preSolution
		HideSolutionNode = FALSE
	EndGlobalSection
	GlobalSection(ExtensibilityGlobals) = postSolution
		SolutionGuid = {2CBE753A-F04E-4E4F-A37C-5D59EA397B9A}
	EndGlobalSection
EndGlobal
